<Solution>
  <Folder Name="/src/">
    <Project Path="src/MsSqlRecordsCompare.CLI/MsSqlRecordsCompare.CLI.csproj" />
    <Project Path="src/MsSqlRecordsCompare.Core/MsSqlRecordsCompare.Core.csproj" />
  </Folder>
  <Folder Name="/tests/">
    <Project Path="tests/MsSqlRecordsCompare.Tests/MsSqlRecordsCompare.Tests.csproj" />
  </Folder>
</Solution>
